// !$*UTF8*$!
{
	archiveVersion = 1;
	classes = {
	};
	objectVersion = 56;
	objects = {

/* Begin PBXBuildFile section */
		F60520A129ADC3D7005179F5 /* UIColor+Ext.swift in Sources */ = {isa = PBXBuildFile; fileRef = F60520A029ADC3D7005179F5 /* UIColor+Ext.swift */; };
		F6ADA30029A72AE100A4A6E5 /* AppDelegate.swift in Sources */ = {isa = PBXBuildFile; fileRef = F6ADA2FF29A72AE100A4A6E5 /* AppDelegate.swift */; };
		F6ADA30229A72AE100A4A6E5 /* SceneDelegate.swift in Sources */ = {isa = PBXBuildFile; fileRef = F6ADA30129A72AE100A4A6E5 /* SceneDelegate.swift */; };
		F6ADA30729A72AE100A4A6E5 /* Main.storyboard in Resources */ = {isa = PBXBuildFile; fileRef = F6ADA30529A72AE100A4A6E5 /* Main.storyboard */; };
		F6ADA30929A72AE200A4A6E5 /* Assets.xcassets in Resources */ = {isa = PBXBuildFile; fileRef = F6ADA30829A72AE200A4A6E5 /* Assets.xcassets */; };
		F6ADA30C29A72AE200A4A6E5 /* LaunchScreen.storyboard in Resources */ = {isa = PBXBuildFile; fileRef = F6ADA30A29A72AE200A4A6E5 /* LaunchScreen.storyboard */; };
		F6ADA31629AA8A3C00A4A6E5 /* ColorsTableViewController.swift in Sources */ = {isa = PBXBuildFile; fileRef = F6ADA31529AA8A3C00A4A6E5 /* ColorsTableViewController.swift */; };
		F6ADA31829AA8DBD00A4A6E5 /* ColorsDetailViewController.swift in Sources */ = {isa = PBXBuildFile; fileRef = F6ADA31729AA8DBD00A4A6E5 /* ColorsDetailViewController.swift */; };
/* End PBXBuildFile section */

/* Begin PBXFileReference section */
		F60520A029ADC3D7005179F5 /* UIColor+Ext.swift */ = {isa = PBXFileReference; lastKnownFileType = sourcecode.swift; path = "UIColor+Ext.swift"; sourceTree = "<group>"; };
		F6ADA2FC29A72AE100A4A6E5 /* RandomColors.app */ = {isa = PBXFileReference; explicitFileType = wrapper.application; includeInIndex = 0; path = RandomColors.app; sourceTree = BUILT_PRODUCTS_DIR; };
		F6ADA2FF29A72AE100A4A6E5 /* AppDelegate.swift */ = {isa = PBXFileReference; lastKnownFileType = sourcecode.swift; path = AppDelegate.swift; sourceTree = "<group>"; };
		F6ADA30129A72AE100A4A6E5 /* SceneDelegate.swift */ = {isa = PBXFileReference; lastKnownFileType = sourcecode.swift; path = SceneDelegate.swift; sourceTree = "<group>"; };
		F6ADA30629A72AE100A4A6E5 /* Base */ = {isa = PBXFileReference; lastKnownFileType = file.storyboard; name = Base; path = Base.lproj/Main.storyboard; sourceTree = "<group>"; };
		F6ADA30829A72AE200A4A6E5 /* Assets.xcassets */ = {isa = PBXFileReference; lastKnownFileType = folder.assetcatalog; path = Assets.xcassets; sourceTree = "<group>"; };
		F6ADA30B29A72AE200A4A6E5 /* Base */ = {isa = PBXFileReference; lastKnownFileType = file.storyboard; name = Base; path = Base.lproj/LaunchScreen.storyboard; sourceTree = "<group>"; };
		F6ADA30D29A72AE200A4A6E5 /* Info.plist */ = {isa = PBXFileReference; lastKnownFileType = text.plist.xml; path = Info.plist; sourceTree = "<group>"; };
		F6ADA31529AA8A3C00A4A6E5 /* ColorsTableViewController.swift */ = {isa = PBXFileReference; lastKnownFileType = sourcecode.swift; path = ColorsTableViewController.swift; sourceTree = "<group>"; };
		F6ADA31729AA8DBD00A4A6E5 /* ColorsDetailViewController.swift */ = {isa = PBXFileReference; lastKnownFileType = sourcecode.swift; path = ColorsDetailViewController.swift; sourceTree = "<group>"; };
/* End PBXFileReference section */

/* Begin PBXFrameworksBuildPhase section */
		F6ADA2F929A72AE100A4A6E5 /* Frameworks */ = {
			isa = PBXFrameworksBuildPhase;
			buildActionMask = 2147483647;
			files = (
			);
			runOnlyForDeploymentPostprocessing = 0;
		};
/* End PBXFrameworksBuildPhase section */

/* Begin PBXGroup section */
		F6ADA2F329A72AE100A4A6E5 = {
			isa = PBXGroup;
			children = (
				F6ADA2FE29A72AE100A4A6E5 /* RandomColors */,
				F6ADA2FD29A72AE100A4A6E5 /* Products */,
			);
			sourceTree = "<group>";
		};
		F6ADA2FD29A72AE100A4A6E5 /* Products */ = {
			isa = PBXGroup;
			children = (
				F6ADA2FC29A72AE100A4A6E5 /* RandomColors.app */,
			);
			name = Products;
			sourceTree = "<group>";
		};
		F6ADA2FE29A72AE100A4A6E5 /* RandomColors */ = {
			isa = PBXGroup;
			children = (
				F6ADA2FF29A72AE100A4A6E5 /* AppDelegate.swift */,
				F6ADA30129A72AE100A4A6E5 /* SceneDelegate.swift */,
				F6ADA31729AA8DBD00A4A6E5 /* ColorsDetailViewController.swift */,
				F6ADA31529AA8A3C00A4A6E5 /* ColorsTableViewController.swift */,
				F60520A029ADC3D7005179F5 /* UIColor+Ext.swift */,
				F6ADA30529A72AE100A4A6E5 /* Main.storyboard */,
				F6ADA30829A72AE200A4A6E5 /* Assets.xcassets */,
				F6ADA30A29A72AE200A4A6E5 /* LaunchScreen.storyboard */,
				F6ADA30D29A72AE200A4A6E5 /* Info.plist */,
			);
			path = RandomColors;
			sourceTree = "<group>";
		};
/* End PBXGroup section */

/* Begin PBXNativeTarget section */
		F6ADA2FB29A72AE100A4A6E5 /* RandomColors */ = {
			isa = PBXNativeTarget;
			buildConfigurationList = F6ADA31029A72AE200A4A6E5 /* Build configuration list for PBXNativeTarget "RandomColors" */;
			buildPhases = (
				F6ADA2F829A72AE100A4A6E5 /* Sources */,
				F6ADA2F929A72AE100A4A6E5 /* Frameworks */,
				F6ADA2FA29A72AE100A4A6E5 /* Resources */,
			);
			buildRules = (
			);
			dependencies = (
			);
			name = RandomColors;
			productName = RandomColors;
			productReference = F6ADA2FC29A72AE100A4A6E5 /* RandomColors.app */;
			productType = "com.apple.product-type.application";
		};
/* End PBXNativeTarget section */

/* Begin PBXProject section */
		F6ADA2F429A72AE100A4A6E5 /* Project object */ = {
			isa = PBXProject;
			attributes = {
				BuildIndependentTargetsInParallel = 1;
				LastSwiftUpdateCheck = 1420;
				LastUpgradeCheck = 1420;
				TargetAttributes = {
					F6ADA2FB29A72AE100A4A6E5 = {
						CreatedOnToolsVersion = 14.2;
					};
				};
			};
			buildConfigurationList = F6ADA2F729A72AE100A4A6E5 /* Build configuration list for PBXProject "RandomColors" */;
			compatibilityVersion = "Xcode 14.0";
			developmentRegion = en;
			hasScannedForEncodings = 0;
			knownRegions = (
				en,
				Base,
			);
			mainGroup = F6ADA2F329A72AE100A4A6E5;
			productRefGroup = F6ADA2FD29A72AE100A4A6E5 /* Products */;
			projectDirPath = "";
			projectRoot = "";
			targets = (
				F6ADA2FB29A72AE100A4A6E5 /* RandomColors */,
			);
		};
/* End PBXProject section */

/* Begin PBXResourcesBuildPhase section */
		F6ADA2FA29A72AE100A4A6E5 /* Resources */ = {
			isa = PBXResourcesBuildPhase;
			buildActionMask = 2147483647;
			files = (
				F6ADA30C29A72AE200A4A6E5 /* LaunchScreen.storyboard in Resources */,
				F6ADA30929A72AE200A4A6E5 /* Assets.xcassets in Resources */,
				F6ADA30729A72AE100A4A6E5 /* Main.storyboard in Resources */,
			);
			runOnlyForDeploymentPostprocessing = 0;
		};
/* End PBXResourcesBuildPhase section */

/* Begin PBXSourcesBuildPhase section */
		F6ADA2F829A72AE100A4A6E5 /* Sources */ = {
			isa = PBXSourcesBuildPhase;
			buildActionMask = 2147483647;
			files = (
				F6ADA30029A72AE100A4A6E5 /* AppDelegate.swift in Sources */,
				F6ADA30229A72AE100A4A6E5 /* SceneDelegate.swift in Sources */,
				F60520A129ADC3D7005179F5 /* UIColor+Ext.swift in Sources */,
				F6ADA31829AA8DBD00A4A6E5 /* ColorsDetailViewController.swift in Sources */,
				F6ADA31629AA8A3C00A4A6E5 /* ColorsTableViewController.swift in Sources */,
			);
			runOnlyForDeploymentPostprocessing = 0;
		};
/* End PBXSourcesBuildPhase section */

/* Begin PBXVariantGroup section */
		F6ADA30529A72AE100A4A6E5 /* Main.storyboard */ = {
			isa = PBXVariantGroup;
			children = (
				F6ADA30629A72AE100A4A6E5 /* Base */,
			);
			name = Main.storyboard;
			sourceTree = "<group>";
		};
		F6ADA30A29A72AE200A4A6E5 /* LaunchScreen.storyboard */ = {
			isa = PBXVariantGroup;
			children = (
				F6ADA30B29A72AE200A4A6E5 /* Base */,
			);
			name = LaunchScreen.storyboard;
			sourceTree = "<group>";
		};
/* End PBXVariantGroup section */

/* Begin XCBuildConfiguration section */
		F6ADA30E29A72AE200A4A6E5 /* Debug */ = {
			isa = XCBuildConfiguration;
			buildSettings = {
				ALWAYS_SEARCH_USER_PATHS = NO;
				CLANG_ANALYZER_NONNULL = YES;
				CLANG_ANALYZER_NUMBER_OBJECT_CONVERSION = YES_AGGRESSIVE;
				CLANG_CXX_LANGUAGE_STANDARD = "gnu++20";
				CLANG_ENABLE_MODULES = YES;
				CLANG_ENABLE_OBJC_ARC = YES;
				CLANG_ENABLE_OBJC_WEAK = YES;
				CLANG_WARN_BLOCK_CAPTURE_AUTORELEASING = YES;
				CLANG_WARN_BOOL_CONVERSION = YES;
				CLANG_WARN_COMMA = YES;
				CLANG_WARN_CONSTANT_CONVERSION = YES;
				CLANG_WARN_DEPRECATED_OBJC_IMPLEMENTATIONS = YES;
				CLANG_WARN_DIRECT_OBJC_ISA_USAGE = YES_ERROR;
				CLANG_WARN_DOCUMENTATION_COMMENTS = YES;
				CLANG_WARN_EMPTY_BODY = YES;
				CLANG_WARN_ENUM_CONVERSION = YES;
				CLANG_WARN_INFINITE_RECURSION = YES;
				CLANG_WARN_INT_CONVERSION = YES;
				CLANG_WARN_NON_LITERAL_NULL_CONVERSION = YES;
				CLANG_WARN_OBJC_IMPLICIT_RETAIN_SELF = YES;
				CLANG_WARN_OBJC_LITERAL_CONVERSION = YES;
				CLANG_WARN_OBJC_ROOT_CLASS = YES_ERROR;
				CLANG_WARN_QUOTED_INCLUDE_IN_FRAMEWORK_HEADER = YES;
				CLANG_WARN_RANGE_LOOP_ANALYSIS = YES;
				CLANG_WARN_STRICT_PROTOTYPES = YES;
				CLANG_WARN_SUSPICIOUS_MOVE = YES;
				CLANG_WARN_UNGUARDED_AVAILABILITY = YES_AGGRESSIVE;
				CLANG_WARN_UNREACHABLE_CODE = YES;
				CLANG_WARN__DUPLICATE_METHOD_MATCH = YES;
				COPY_PHASE_STRIP = NO;
				DEBUG_INFORMATION_FORMAT = dwarf;
				ENABLE_STRICT_OBJC_MSGSEND = YES;
				ENABLE_TESTABILITY = YES;
				GCC_C_LANGUAGE_STANDARD = gnu11;
				GCC_DYNAMIC_NO_PIC = NO;
				GCC_NO_COMMON_BLOCKS = YES;
				GCC_OPTIMIZATION_LEVEL = 0;
				GCC_PREPROCESSOR_DEFINITIONS = (
					"DEBUG=1",
					"$(inherited)",
				);
				GCC_WARN_64_TO_32_BIT_CONVERSION = YES;
				GCC_WARN_ABOUT_RETURN_TYPE = YES_ERROR;
				GCC_WARN_UNDECLARED_SELECTOR = YES;
				GCC_WARN_UNINITIALIZED_AUTOS = YES_AGGRESSIVE;
				GCC_WARN_UNUSED_FUNCTION = YES;
				GCC_WARN_UNUSED_VARIABLE = YES;
				IPHONEOS_DEPLOYMENT_TARGET = 16.2;
				MTL_ENABLE_DEBUG_INFO = INCLUDE_SOURCE;
				MTL_FAST_MATH = YES;
				ONLY_ACTIVE_ARCH = YES;
				SDKROOT = iphoneos;
				SWIFT_ACTIVE_COMPILATION_CONDITIONS = DEBUG;
				SWIFT_OPTIMIZATION_LEVEL = "-Onone";
			};
			name = Debug;
		};
		F6ADA30F29A72AE200A4A6E5 /* Release */ = {
			isa = XCBuildConfiguration;
			buildSettings = {
				ALWAYS_SEARCH_USER_PATHS = NO;
				CLANG_ANALYZER_NONNULL = YES;
				CLANG_ANALYZER_NUMBER_OBJECT_CONVERSION = YES_AGGRESSIVE;
				CLANG_CXX_LANGUAGE_STANDARD = "gnu++20";
				CLANG_ENABLE_MODULES = YES;
				CLANG_ENABLE_OBJC_ARC = YES;
				CLANG_ENABLE_OBJC_WEAK = YES;
				CLANG_WARN_BLOCK_CAPTURE_AUTORELEASING = YES;
				CLANG_WARN_BOOL_CONVERSION = YES;
				CLANG_WARN_COMMA = YES;
				CLANG_WARN_CONSTANT_CONVERSION = YES;
				CLANG_WARN_DEPRECATED_OBJC_IMPLEMENTATIONS = YES;
				CLANG_WARN_DIRECT_OBJC_ISA_USAGE = YES_ERROR;
				CLANG_WARN_DOCUMENTATION_COMMENTS = YES;
				CLANG_WARN_EMPTY_BODY = YES;
				CLANG_WARN_ENUM_CONVERSION = YES;
				CLANG_WARN_INFINITE_RECURSION = YES;
				CLANG_WARN_INT_CONVERSION = YES;
				CLANG_WARN_NON_LITERAL_NULL_CONVERSION = YES;
				CLANG_WARN_OBJC_IMPLICIT_RETAIN_SELF = YES;
				CLANG_WARN_OBJC_LITERAL_CONVERSION = YES;
				CLANG_WARN_OBJC_ROOT_CLASS = YES_ERROR;
				CLANG_WARN_QUOTED_INCLUDE_IN_FRAMEWORK_HEADER = YES;
				CLANG_WARN_RANGE_LOOP_ANALYSIS = YES;
				CLANG_WARN_STRICT_PROTOTYPES = YES;
				CLANG_WARN_SUSPICIOUS_MOVE = YES;
				CLANG_WARN_UNGUARDED_AVAILABILITY = YES_AGGRESSIVE;
				CLANG_WARN_UNREACHABLE_CODE = YES;
				CLANG_WARN__DUPLICATE_METHOD_MATCH = YES;
				COPY_PHASE_STRIP = NO;
				DEBUG_INFORMATION_FORMAT = "dwarf-with-dsym";
				ENABLE_NS_ASSERTIONS = NO;
				ENABLE_STRICT_OBJC_MSGSEND = YES;
				GCC_C_LANGUAGE_STANDARD = gnu11;
				GCC_NO_COMMON_BLOCKS = YES;
				GCC_WARN_64_TO_32_BIT_CONVERSION = YES;
				GCC_WARN_ABOUT_RETURN_TYPE = YES_ERROR;
				GCC_WARN_UNDECLARED_SELECTOR = YES;
				GCC_WARN_UNINITIALIZED_AUTOS = YES_AGGRESSIVE;
				GCC_WARN_UNUSED_FUNCTION = YES;
				GCC_WARN_UNUSED_VARIABLE = YES;
				IPHONEOS_DEPLOYMENT_TARGET = 16.2;
				MTL_ENABLE_DEBUG_INFO = NO;
				MTL_FAST_MATH = YES;
				SDKROOT = iphoneos;
				SWIFT_COMPILATION_MODE = wholemodule;
				SWIFT_OPTIMIZATION_LEVEL = "-O";
				VALIDATE_PRODUCT = YES;
			};
			name = Release;
		};
		F6ADA31129A72AE200A4A6E5 /* Debug */ = {
			isa = XCBuildConfiguration;
			buildSettings = {
				ASSETCATALOG_COMPILER_APPICON_NAME = AppIcon;
				ASSETCATALOG_COMPILER_GLOBAL_ACCENT_COLOR_NAME = AccentColor;
				CODE_SIGN_STYLE = Automatic;
				CURRENT_PROJECT_VERSION = 1;
				DEVELOPMENT_TEAM = WF8GCL77CM;
				GENERATE_INFOPLIST_FILE = YES;
				INFOPLIST_FILE = RandomColors/Info.plist;
				INFOPLIST_KEY_UIApplicationSupportsIndirectInputEvents = YES;
				INFOPLIST_KEY_UILaunchStoryboardName = LaunchScreen;
				INFOPLIST_KEY_UIMainStoryboardFile = Main;
				INFOPLIST_KEY_UISupportedInterfaceOrientations_iPad = "UIInterfaceOrientationPortrait UIInterfaceOrientationPortraitUpsideDown UIInterfaceOrientationLandscapeLeft UIInterfaceOrientationLandscapeRight";
				INFOPLIST_KEY_UISupportedInterfaceOrientations_iPhone = "UIInterfaceOrientationPortrait UIInterfaceOrientationLandscapeLeft UIInterfaceOrientationLandscapeRight";
				LD_RUNPATH_SEARCH_PATHS = (
					"$(inherited)",
					"@executable_path/Frameworks",
				);
				MARKETING_VERSION = 1.0;
				PRODUCT_BUNDLE_IDENTIFIER = co.luisarmendariz.RandomColors;
				PRODUCT_NAME = "$(TARGET_NAME)";
				SWIFT_EMIT_LOC_STRINGS = YES;
				SWIFT_VERSION = 5.0;
				TARGETED_DEVICE_FAMILY = "1,2";
			};
			name = Debug;
		};
		F6ADA31229A72AE200A4A6E5 /* Release */ = {
			isa = XCBuildConfiguration;
			buildSettings = {
				ASSETCATALOG_COMPILER_APPICON_NAME = AppIcon;
				ASSETCATALOG_COMPILER_GLOBAL_ACCENT_COLOR_NAME = AccentColor;
				CODE_SIGN_STYLE = Automatic;
				CURRENT_PROJECT_VERSION = 1;
				DEVELOPMENT_TEAM = WF8GCL77CM;
				GENERATE_INFOPLIST_FILE = YES;
				INFOPLIST_FILE = RandomColors/Info.plist;
				INFOPLIST_KEY_UIApplicationSupportsIndirectInputEvents = YES;
				INFOPLIST_KEY_UILaunchStoryboardName = LaunchScreen;
				INFOPLIST_KEY_UIMainStoryboardFile = Main;
				INFOPLIST_KEY_UISupportedInterfaceOrientations_iPad = "UIInterfaceOrientationPortrait UIInterfaceOrientationPortraitUpsideDown UIInterfaceOrientationLandscapeLeft UIInterfaceOrientationLandscapeRight";
				INFOPLIST_KEY_UISupportedInterfaceOrientations_iPhone = "UIInterfaceOrientationPortrait UIInterfaceOrientationLandscapeLeft UIInterfaceOrientationLandscapeRight";
				LD_RUNPATH_SEARCH_PATHS = (
					"$(inherited)",
					"@executable_path/Frameworks",
				);
				MARKETING_VERSION = 1.0;
				PRODUCT_BUNDLE_IDENTIFIER = co.luisarmendariz.RandomColors;
				PRODUCT_NAME = "$(TARGET_NAME)";
				SWIFT_EMIT_LOC_STRINGS = YES;
				SWIFT_VERSION = 5.0;
				TARGETED_DEVICE_FAMILY = "1,2";
			};
			name = Release;
		};
/* End XCBuildConfiguration section */

/* Begin XCConfigurationList section */
		F6ADA2F729A72AE100A4A6E5 /* Build configuration list for PBXProject "RandomColors" */ = {
			isa = XCConfigurationList;
			buildConfigurations = (
				F6ADA30E29A72AE200A4A6E5 /* Debug */,
				F6ADA30F29A72AE200A4A6E5 /* Release */,
			);
			defaultConfigurationIsVisible = 0;
			defaultConfigurationName = Release;
		};
		F6ADA31029A72AE200A4A6E5 /* Build configuration list for PBXNativeTarget "RandomColors" */ = {
			isa = XCConfigurationList;
			buildConfigurations = (
				F6ADA31129A72AE200A4A6E5 /* Debug */,
				F6ADA31229A72AE200A4A6E5 /* Release */,
			);
			defaultConfigurationIsVisible = 0;
			defaultConfigurationName = Release;
		};
/* End XCConfigurationList section */
	};
	rootObject = F6ADA2F429A72AE100A4A6E5 /* Project object */;
}
